github.com/google/uuid v1.3.0 h1:t6JiXgmwXMjEs8VusXIJk2BXHsn+wx8BZdTaoZ5fu7I=
github.com/google/uuid v1.3.0/go.mod h1:TIyPZe4MgqvfeYDBFedMoGGpEw/LqOeaOT+nhxU+yHo=
github.com/scaleway/serverless-functions-go v0.0.0-20230214103002-74b0b0b57d30 h1:sNS23OxqjIDc3CJIvxTYjwtNLeb+FBxvCZFMOQ8MZdE=
github.com/scaleway/serverless-functions-go v0.0.0-20230214103002-74b0b0b57d30/go.mod h1:0hGzxYofMpZHTL54wjoZfDv5dM+OqApXXP5U5sABlJs=
